
Microsoft Visual Studio Solution File, Format Version 12.00
# Visual Studio Version 17
VisualStudioVersion = 17.13.35806.99 d17.13
MinimumVisualStudioVersion = 10.0.40219.1
Project("{FAE04EC0-301F-11D3-BF4B-00C04F79EFBC}") = "CalculadoraCafe", "CalculadoraCafe\CalculadoraCafe.csproj", "{FBFA8174-8B58-47B5-8746-25EBC54C7FA9}"
EndProject
Global
	GlobalSection(SolutionConfigurationPlatforms) = preSolution
		Debug|Any CPU = Debug|Any CPU
		Release|Any CPU = Release|Any CPU
	EndGlobalSection
	GlobalSection(ProjectConfigurationPlatforms) = postSolution
		{FBFA8174-8B58-47B5-8746-25EBC54C7FA9}.Debug|Any CPU.ActiveCfg = Debug|Any CPU
		{FBFA8174-8B58-47B5-8746-25EBC54C7FA9}.Debug|Any CPU.Build.0 = Debug|Any CPU
		{FBFA8174-8B58-47B5-8746-25EBC54C7FA9}.Release|Any CPU.ActiveCfg = Release|Any CPU
		{FBFA8174-8B58-47B5-8746-25EBC54C7FA9}.Release|Any CPU.Build.0 = Release|Any CPU
	EndGlobalSection
	GlobalSection(SolutionProperties) = preSolution
		HideSolutionNode = FALSE
	EndGlobalSection
	GlobalSection(ExtensibilityGlobals) = postSolution
		SolutionGuid = {108991AF-5737-4E84-8C3D-EC1C23D85FB6}
	EndGlobalSection
EndGlobal
