
Microsoft Visual Studio Solution File, Format Version 12.00
# Visual Studio Version 17
VisualStudioVersion = 17.13.35806.99 d17.13
MinimumVisualStudioVersion = 10.0.40219.1
Project("{FAE04EC0-301F-11D3-BF4B-00C04F79EFBC}") = "calculadora", "calculadora\calculadora.csproj", "{78BBF0EC-90BB-4281-9DC1-C46F73572CFC}"
EndProject
Global
	GlobalSection(SolutionConfigurationPlatforms) = preSolution
		Debug|Any CPU = Debug|Any CPU
		Release|Any CPU = Release|Any CPU
	EndGlobalSection
	GlobalSection(ProjectConfigurationPlatforms) = postSolution
		{78BBF0EC-90BB-4281-9DC1-C46F73572CFC}.Debug|Any CPU.ActiveCfg = Debug|Any CPU
		{78BBF0EC-90BB-4281-9DC1-C46F73572CFC}.Debug|Any CPU.Build.0 = Debug|Any CPU
		{78BBF0EC-90BB-4281-9DC1-C46F73572CFC}.Release|Any CPU.ActiveCfg = Release|Any CPU
		{78BBF0EC-90BB-4281-9DC1-C46F73572CFC}.Release|Any CPU.Build.0 = Release|Any CPU
	EndGlobalSection
	GlobalSection(SolutionProperties) = preSolution
		HideSolutionNode = FALSE
	EndGlobalSection
	GlobalSection(ExtensibilityGlobals) = postSolution
		SolutionGuid = {20F1DF05-0F59-4D66-8C29-D29402CA0D8E}
	EndGlobalSection
EndGlobal
